// !$*UTF8*$!
{
	archiveVersion = 1;
	classes = {
	};
	objectVersion = 55;
	objects = {

/* Begin PBXBuildFile section */
		59E40D89289A056C0079B3D6 /* AppDelegate.swift in Sources */ = {isa = PBXBuildFile; fileRef = 59E40D88289A056C0079B3D6 /* AppDelegate.swift */; };
		59E40D8B289A056C0079B3D6 /* SceneDelegate.swift in Sources */ = {isa = PBXBuildFile; fileRef = 59E40D8A289A056C0079B3D6 /* SceneDelegate.swift */; };
		59E40D8D289A056C0079B3D6 /* ViewController.swift in Sources */ = {isa = PBXBuildFile; fileRef = 59E40D8C289A056C0079B3D6 /* ViewController.swift */; };
		59E40D90289A056C0079B3D6 /* Main.storyboard in Resources */ = {isa = PBXBuildFile; fileRef = 59E40D8E289A056C0079B3D6 /* Main.storyboard */; };
		59E40D93289A056C0079B3D6 /* Littman_App.xcdatamodeld in Sources */ = {isa = PBXBuildFile; fileRef = 59E40D91289A056C0079B3D6 /* Littman_App.xcdatamodeld */; };
		59E40D95289A056D0079B3D6 /* Assets.xcassets in Resources */ = {isa = PBXBuildFile; fileRef = 59E40D94289A056D0079B3D6 /* Assets.xcassets */; };
		59E40D98289A056D0079B3D6 /* LaunchScreen.storyboard in Resources */ = {isa = PBXBuildFile; fileRef = 59E40D96289A056D0079B3D6 /* LaunchScreen.storyboard */; };
		59E40DA3289A056D0079B3D6 /* Littman_AppTests.swift in Sources */ = {isa = PBXBuildFile; fileRef = 59E40DA2289A056D0079B3D6 /* Littman_AppTests.swift */; };
		59E40DAD289A056D0079B3D6 /* Littman_AppUITests.swift in Sources */ = {isa = PBXBuildFile; fileRef = 59E40DAC289A056D0079B3D6 /* Littman_AppUITests.swift */; };
		59E40DAF289A056D0079B3D6 /* Littman_AppUITestsLaunchTests.swift in Sources */ = {isa = PBXBuildFile; fileRef = 59E40DAE289A056D0079B3D6 /* Littman_AppUITestsLaunchTests.swift */; };
		59E40DC2289A07D50079B3D6 /* AppConstants.swift in Sources */ = {isa = PBXBuildFile; fileRef = 59E40DC1289A07D50079B3D6 /* AppConstants.swift */; };
		59E40DC4289A083D0079B3D6 /* Reachability.swift in Sources */ = {isa = PBXBuildFile; fileRef = 59E40DC3289A083D0079B3D6 /* Reachability.swift */; };
		59E40DC7289A13300079B3D6 /* HomeViewController.swift in Sources */ = {isa = PBXBuildFile; fileRef = 59E40DC6289A13300079B3D6 /* HomeViewController.swift */; };
		59E40DC9289A133E0079B3D6 /* ServiceViewController.swift in Sources */ = {isa = PBXBuildFile; fileRef = 59E40DC8289A133E0079B3D6 /* ServiceViewController.swift */; };
		59E40DCB289A135D0079B3D6 /* SearchViewController.swift in Sources */ = {isa = PBXBuildFile; fileRef = 59E40DCA289A135D0079B3D6 /* SearchViewController.swift */; };
		59E40DCE289AC2AA0079B3D6 /* HomeCollectionViewCell.swift in Sources */ = {isa = PBXBuildFile; fileRef = 59E40DCD289AC2AA0079B3D6 /* HomeCollectionViewCell.swift */; };
		59E40DD0289B6C2F0079B3D6 /* ServiceTableViewCell.swift in Sources */ = {isa = PBXBuildFile; fileRef = 59E40DCF289B6C2F0079B3D6 /* ServiceTableViewCell.swift */; };
		59E40DD2289B7D5B0079B3D6 /* SettingsViewController.swift in Sources */ = {isa = PBXBuildFile; fileRef = 59E40DD1289B7D5B0079B3D6 /* SettingsViewController.swift */; };
		59E40DD4289B7E800079B3D6 /* SettingsTableViewCell.swift in Sources */ = {isa = PBXBuildFile; fileRef = 59E40DD3289B7E800079B3D6 /* SettingsTableViewCell.swift */; };
/* End PBXBuildFile section */

/* Begin PBXContainerItemProxy section */
		59E40D9F289A056D0079B3D6 /* PBXContainerItemProxy */ = {
			isa = PBXContainerItemProxy;
			containerPortal = 59E40D7D289A056C0079B3D6 /* Project object */;
			proxyType = 1;
			remoteGlobalIDString = 59E40D84289A056C0079B3D6;
			remoteInfo = "Littman App";
		};
		59E40DA9289A056D0079B3D6 /* PBXContainerItemProxy */ = {
			isa = PBXContainerItemProxy;
			containerPortal = 59E40D7D289A056C0079B3D6 /* Project object */;
			proxyType = 1;
			remoteGlobalIDString = 59E40D84289A056C0079B3D6;
			remoteInfo = "Littman App";
		};
/* End PBXContainerItemProxy section */

/* Begin PBXFileReference section */
		59E40D85289A056C0079B3D6 /* Littman App.app */ = {isa = PBXFileReference; explicitFileType = wrapper.application; includeInIndex = 0; path = "Littman App.app"; sourceTree = BUILT_PRODUCTS_DIR; };
		59E40D88289A056C0079B3D6 /* AppDelegate.swift */ = {isa = PBXFileReference; lastKnownFileType = sourcecode.swift; path = AppDelegate.swift; sourceTree = "<group>"; };
		59E40D8A289A056C0079B3D6 /* SceneDelegate.swift */ = {isa = PBXFileReference; lastKnownFileType = sourcecode.swift; path = SceneDelegate.swift; sourceTree = "<group>"; };
		59E40D8C289A056C0079B3D6 /* ViewController.swift */ = {isa = PBXFileReference; lastKnownFileType = sourcecode.swift; path = ViewController.swift; sourceTree = "<group>"; };
		59E40D8F289A056C0079B3D6 /* Base */ = {isa = PBXFileReference; lastKnownFileType = file.storyboard; name = Base; path = Base.lproj/Main.storyboard; sourceTree = "<group>"; };
		59E40D92289A056C0079B3D6 /* Littman_App.xcdatamodel */ = {isa = PBXFileReference; lastKnownFileType = wrapper.xcdatamodel; path = Littman_App.xcdatamodel; sourceTree = "<group>"; };
		59E40D94289A056D0079B3D6 /* Assets.xcassets */ = {isa = PBXFileReference; lastKnownFileType = folder.assetcatalog; path = Assets.xcassets; sourceTree = "<group>"; };
		59E40D97289A056D0079B3D6 /* Base */ = {isa = PBXFileReference; lastKnownFileType = file.storyboard; name = Base; path = Base.lproj/LaunchScreen.storyboard; sourceTree = "<group>"; };
		59E40D99289A056D0079B3D6 /* Info.plist */ = {isa = PBXFileReference; lastKnownFileType = text.plist.xml; path = Info.plist; sourceTree = "<group>"; };
		59E40D9E289A056D0079B3D6 /* Littman AppTests.xctest */ = {isa = PBXFileReference; explicitFileType = wrapper.cfbundle; includeInIndex = 0; path = "Littman AppTests.xctest"; sourceTree = BUILT_PRODUCTS_DIR; };
		59E40DA2289A056D0079B3D6 /* Littman_AppTests.swift */ = {isa = PBXFileReference; lastKnownFileType = sourcecode.swift; path = Littman_AppTests.swift; sourceTree = "<group>"; };
		59E40DA8289A056D0079B3D6 /* Littman AppUITests.xctest */ = {isa = PBXFileReference; explicitFileType = wrapper.cfbundle; includeInIndex = 0; path = "Littman AppUITests.xctest"; sourceTree = BUILT_PRODUCTS_DIR; };
		59E40DAC289A056D0079B3D6 /* Littman_AppUITests.swift */ = {isa = PBXFileReference; lastKnownFileType = sourcecode.swift; path = Littman_AppUITests.swift; sourceTree = "<group>"; };
		59E40DAE289A056D0079B3D6 /* Littman_AppUITestsLaunchTests.swift */ = {isa = PBXFileReference; lastKnownFileType = sourcecode.swift; path = Littman_AppUITestsLaunchTests.swift; sourceTree = "<group>"; };
		59E40DC1289A07D50079B3D6 /* AppConstants.swift */ = {isa = PBXFileReference; lastKnownFileType = sourcecode.swift; path = AppConstants.swift; sourceTree = "<group>"; };
		59E40DC3289A083D0079B3D6 /* Reachability.swift */ = {isa = PBXFileReference; lastKnownFileType = sourcecode.swift; path = Reachability.swift; sourceTree = "<group>"; };
		59E40DC6289A13300079B3D6 /* HomeViewController.swift */ = {isa = PBXFileReference; lastKnownFileType = sourcecode.swift; path = HomeViewController.swift; sourceTree = "<group>"; };
		59E40DC8289A133E0079B3D6 /* ServiceViewController.swift */ = {isa = PBXFileReference; lastKnownFileType = sourcecode.swift; path = ServiceViewController.swift; sourceTree = "<group>"; };
		59E40DCA289A135D0079B3D6 /* SearchViewController.swift */ = {isa = PBXFileReference; lastKnownFileType = sourcecode.swift; path = SearchViewController.swift; sourceTree = "<group>"; };
		59E40DCD289AC2AA0079B3D6 /* HomeCollectionViewCell.swift */ = {isa = PBXFileReference; lastKnownFileType = sourcecode.swift; path = HomeCollectionViewCell.swift; sourceTree = "<group>"; };
		59E40DCF289B6C2F0079B3D6 /* ServiceTableViewCell.swift */ = {isa = PBXFileReference; lastKnownFileType = sourcecode.swift; path = ServiceTableViewCell.swift; sourceTree = "<group>"; };
		59E40DD1289B7D5B0079B3D6 /* SettingsViewController.swift */ = {isa = PBXFileReference; lastKnownFileType = sourcecode.swift; name = SettingsViewController.swift; path = "Littman App/Controllers/SettingsViewController.swift"; sourceTree = SOURCE_ROOT; };
		59E40DD3289B7E800079B3D6 /* SettingsTableViewCell.swift */ = {isa = PBXFileReference; lastKnownFileType = sourcecode.swift; path = SettingsTableViewCell.swift; sourceTree = "<group>"; };
/* End PBXFileReference section */

/* Begin PBXFrameworksBuildPhase section */
		59E40D82289A056C0079B3D6 /* Frameworks */ = {
			isa = PBXFrameworksBuildPhase;
			buildActionMask = 2147483647;
			files = (
			);
			runOnlyForDeploymentPostprocessing = 0;
		};
		59E40D9B289A056D0079B3D6 /* Frameworks */ = {
			isa = PBXFrameworksBuildPhase;
			buildActionMask = 2147483647;
			files = (
			);
			runOnlyForDeploymentPostprocessing = 0;
		};
		59E40DA5289A056D0079B3D6 /* Frameworks */ = {
			isa = PBXFrameworksBuildPhase;
			buildActionMask = 2147483647;
			files = (
			);
			runOnlyForDeploymentPostprocessing = 0;
		};
/* End PBXFrameworksBuildPhase section */

/* Begin PBXGroup section */
		59E40D7C289A056C0079B3D6 = {
			isa = PBXGroup;
			children = (
				59E40D87289A056C0079B3D6 /* Littman App */,
				59E40DA1289A056D0079B3D6 /* Littman AppTests */,
				59E40DAB289A056D0079B3D6 /* Littman AppUITests */,
				59E40D86289A056C0079B3D6 /* Products */,
			);
			sourceTree = "<group>";
		};
		59E40D86289A056C0079B3D6 /* Products */ = {
			isa = PBXGroup;
			children = (
				59E40D85289A056C0079B3D6 /* Littman App.app */,
				59E40D9E289A056D0079B3D6 /* Littman AppTests.xctest */,
				59E40DA8289A056D0079B3D6 /* Littman AppUITests.xctest */,
			);
			name = Products;
			sourceTree = "<group>";
		};
		59E40D87289A056C0079B3D6 /* Littman App */ = {
			isa = PBXGroup;
			children = (
				59E40DC5289A131F0079B3D6 /* Controllers */,
				59E40DBE289A06F80079B3D6 /* Common */,
				59E40DBD289A06CA0079B3D6 /* Utils */,
				59E40DBB289A069B0079B3D6 /* Application */,
				59E40D8C289A056C0079B3D6 /* ViewController.swift */,
				59E40D94289A056D0079B3D6 /* Assets.xcassets */,
				59E40D99289A056D0079B3D6 /* Info.plist */,
				59E40D91289A056C0079B3D6 /* Littman_App.xcdatamodeld */,
			);
			path = "Littman App";
			sourceTree = "<group>";
		};
		59E40DA1289A056D0079B3D6 /* Littman AppTests */ = {
			isa = PBXGroup;
			children = (
				59E40DA2289A056D0079B3D6 /* Littman_AppTests.swift */,
			);
			path = "Littman AppTests";
			sourceTree = "<group>";
		};
		59E40DAB289A056D0079B3D6 /* Littman AppUITests */ = {
			isa = PBXGroup;
			children = (
				59E40DAC289A056D0079B3D6 /* Littman_AppUITests.swift */,
				59E40DAE289A056D0079B3D6 /* Littman_AppUITestsLaunchTests.swift */,
			);
			path = "Littman AppUITests";
			sourceTree = "<group>";
		};
		59E40DBB289A069B0079B3D6 /* Application */ = {
			isa = PBXGroup;
			children = (
				59E40D88289A056C0079B3D6 /* AppDelegate.swift */,
				59E40D8E289A056C0079B3D6 /* Main.storyboard */,
				59E40D96289A056D0079B3D6 /* LaunchScreen.storyboard */,
				59E40D8A289A056C0079B3D6 /* SceneDelegate.swift */,
			);
			path = Application;
			sourceTree = "<group>";
		};
		59E40DBD289A06CA0079B3D6 /* Utils */ = {
			isa = PBXGroup;
			children = (
			);
			path = Utils;
			sourceTree = "<group>";
		};
		59E40DBE289A06F80079B3D6 /* Common */ = {
			isa = PBXGroup;
			children = (
				59E40DCC289AC28D0079B3D6 /* Cells */,
				59E40DC0289A077F0079B3D6 /* Constants */,
				59E40DBF289A07110079B3D6 /* Networking */,
			);
			path = Common;
			sourceTree = "<group>";
		};
		59E40DBF289A07110079B3D6 /* Networking */ = {
			isa = PBXGroup;
			children = (
				59E40DC3289A083D0079B3D6 /* Reachability.swift */,
			);
			path = Networking;
			sourceTree = "<group>";
		};
		59E40DC0289A077F0079B3D6 /* Constants */ = {
			isa = PBXGroup;
			children = (
				59E40DC1289A07D50079B3D6 /* AppConstants.swift */,
			);
			path = Constants;
			sourceTree = "<group>";
		};
		59E40DC5289A131F0079B3D6 /* Controllers */ = {
			isa = PBXGroup;
			children = (
				59E40DC6289A13300079B3D6 /* HomeViewController.swift */,
				59E40DC8289A133E0079B3D6 /* ServiceViewController.swift */,
				59E40DCA289A135D0079B3D6 /* SearchViewController.swift */,
				59E40DD1289B7D5B0079B3D6 /* SettingsViewController.swift */,
			);
			path = Controllers;
			sourceTree = "<group>";
		};
		59E40DCC289AC28D0079B3D6 /* Cells */ = {
			isa = PBXGroup;
			children = (
				59E40DCD289AC2AA0079B3D6 /* HomeCollectionViewCell.swift */,
				59E40DCF289B6C2F0079B3D6 /* ServiceTableViewCell.swift */,
				59E40DD3289B7E800079B3D6 /* SettingsTableViewCell.swift */,
			);
			path = Cells;
			sourceTree = "<group>";
		};
/* End PBXGroup section */

/* Begin PBXNativeTarget section */
		59E40D84289A056C0079B3D6 /* Littman App */ = {
			isa = PBXNativeTarget;
			buildConfigurationList = 59E40DB2289A056D0079B3D6 /* Build configuration list for PBXNativeTarget "Littman App" */;
			buildPhases = (
				59E40D81289A056C0079B3D6 /* Sources */,
				59E40D82289A056C0079B3D6 /* Frameworks */,
				59E40D83289A056C0079B3D6 /* Resources */,
			);
			buildRules = (
			);
			dependencies = (
			);
			name = "Littman App";
			productName = "Littman App";
			productReference = 59E40D85289A056C0079B3D6 /* Littman App.app */;
			productType = "com.apple.product-type.application";
		};
		59E40D9D289A056D0079B3D6 /* Littman AppTests */ = {
			isa = PBXNativeTarget;
			buildConfigurationList = 59E40DB5289A056D0079B3D6 /* Build configuration list for PBXNativeTarget "Littman AppTests" */;
			buildPhases = (
				59E40D9A289A056D0079B3D6 /* Sources */,
				59E40D9B289A056D0079B3D6 /* Frameworks */,
				59E40D9C289A056D0079B3D6 /* Resources */,
			);
			buildRules = (
			);
			dependencies = (
				59E40DA0289A056D0079B3D6 /* PBXTargetDependency */,
			);
			name = "Littman AppTests";
			productName = "Littman AppTests";
			productReference = 59E40D9E289A056D0079B3D6 /* Littman AppTests.xctest */;
			productType = "com.apple.product-type.bundle.unit-test";
		};
		59E40DA7289A056D0079B3D6 /* Littman AppUITests */ = {
			isa = PBXNativeTarget;
			buildConfigurationList = 59E40DB8289A056D0079B3D6 /* Build configuration list for PBXNativeTarget "Littman AppUITests" */;
			buildPhases = (
				59E40DA4289A056D0079B3D6 /* Sources */,
				59E40DA5289A056D0079B3D6 /* Frameworks */,
				59E40DA6289A056D0079B3D6 /* Resources */,
			);
			buildRules = (
			);
			dependencies = (
				59E40DAA289A056D0079B3D6 /* PBXTargetDependency */,
			);
			name = "Littman AppUITests";
			productName = "Littman AppUITests";
			productReference = 59E40DA8289A056D0079B3D6 /* Littman AppUITests.xctest */;
			productType = "com.apple.product-type.bundle.ui-testing";
		};
/* End PBXNativeTarget section */

/* Begin PBXProject section */
		59E40D7D289A056C0079B3D6 /* Project object */ = {
			isa = PBXProject;
			attributes = {
				BuildIndependentTargetsInParallel = 1;
				LastSwiftUpdateCheck = 1330;
				LastUpgradeCheck = 1330;
				TargetAttributes = {
					59E40D84289A056C0079B3D6 = {
						CreatedOnToolsVersion = 13.3;
					};
					59E40D9D289A056D0079B3D6 = {
						CreatedOnToolsVersion = 13.3;
						TestTargetID = 59E40D84289A056C0079B3D6;
					};
					59E40DA7289A056D0079B3D6 = {
						CreatedOnToolsVersion = 13.3;
						TestTargetID = 59E40D84289A056C0079B3D6;
					};
				};
			};
			buildConfigurationList = 59E40D80289A056C0079B3D6 /* Build configuration list for PBXProject "Littman App" */;
			compatibilityVersion = "Xcode 13.0";
			developmentRegion = en;
			hasScannedForEncodings = 0;
			knownRegions = (
				en,
				Base,
			);
			mainGroup = 59E40D7C289A056C0079B3D6;
			productRefGroup = 59E40D86289A056C0079B3D6 /* Products */;
			projectDirPath = "";
			projectRoot = "";
			targets = (
				59E40D84289A056C0079B3D6 /* Littman App */,
				59E40D9D289A056D0079B3D6 /* Littman AppTests */,
				59E40DA7289A056D0079B3D6 /* Littman AppUITests */,
			);
		};
/* End PBXProject section */

/* Begin PBXResourcesBuildPhase section */
		59E40D83289A056C0079B3D6 /* Resources */ = {
			isa = PBXResourcesBuildPhase;
			buildActionMask = 2147483647;
			files = (
				59E40D98289A056D0079B3D6 /* LaunchScreen.storyboard in Resources */,
				59E40D95289A056D0079B3D6 /* Assets.xcassets in Resources */,
				59E40D90289A056C0079B3D6 /* Main.storyboard in Resources */,
			);
			runOnlyForDeploymentPostprocessing = 0;
		};
		59E40D9C289A056D0079B3D6 /* Resources */ = {
			isa = PBXResourcesBuildPhase;
			buildActionMask = 2147483647;
			files = (
			);
			runOnlyForDeploymentPostprocessing = 0;
		};
		59E40DA6289A056D0079B3D6 /* Resources */ = {
			isa = PBXResourcesBuildPhase;
			buildActionMask = 2147483647;
			files = (
			);
			runOnlyForDeploymentPostprocessing = 0;
		};
/* End PBXResourcesBuildPhase section */

/* Begin PBXSourcesBuildPhase section */
		59E40D81289A056C0079B3D6 /* Sources */ = {
			isa = PBXSourcesBuildPhase;
			buildActionMask = 2147483647;
			files = (
				59E40D8D289A056C0079B3D6 /* ViewController.swift in Sources */,
				59E40D93289A056C0079B3D6 /* Littman_App.xcdatamodeld in Sources */,
				59E40DC4289A083D0079B3D6 /* Reachability.swift in Sources */,
				59E40DCB289A135D0079B3D6 /* SearchViewController.swift in Sources */,
				59E40DD0289B6C2F0079B3D6 /* ServiceTableViewCell.swift in Sources */,
				59E40DD4289B7E800079B3D6 /* SettingsTableViewCell.swift in Sources */,
				59E40D89289A056C0079B3D6 /* AppDelegate.swift in Sources */,
				59E40DCE289AC2AA0079B3D6 /* HomeCollectionViewCell.swift in Sources */,
				59E40D8B289A056C0079B3D6 /* SceneDelegate.swift in Sources */,
				59E40DC7289A13300079B3D6 /* HomeViewController.swift in Sources */,
				59E40DC9289A133E0079B3D6 /* ServiceViewController.swift in Sources */,
				59E40DC2289A07D50079B3D6 /* AppConstants.swift in Sources */,
				59E40DD2289B7D5B0079B3D6 /* SettingsViewController.swift in Sources */,
			);
			runOnlyForDeploymentPostprocessing = 0;
		};
		59E40D9A289A056D0079B3D6 /* Sources */ = {
			isa = PBXSourcesBuildPhase;
			buildActionMask = 2147483647;
			files = (
				59E40DA3289A056D0079B3D6 /* Littman_AppTests.swift in Sources */,
			);
			runOnlyForDeploymentPostprocessing = 0;
		};
		59E40DA4289A056D0079B3D6 /* Sources */ = {
			isa = PBXSourcesBuildPhase;
			buildActionMask = 2147483647;
			files = (
				59E40DAF289A056D0079B3D6 /* Littman_AppUITestsLaunchTests.swift in Sources */,
				59E40DAD289A056D0079B3D6 /* Littman_AppUITests.swift in Sources */,
			);
			runOnlyForDeploymentPostprocessing = 0;
		};
/* End PBXSourcesBuildPhase section */

/* Begin PBXTargetDependency section */
		59E40DA0289A056D0079B3D6 /* PBXTargetDependency */ = {
			isa = PBXTargetDependency;
			target = 59E40D84289A056C0079B3D6 /* Littman App */;
			targetProxy = 59E40D9F289A056D0079B3D6 /* PBXContainerItemProxy */;
		};
		59E40DAA289A056D0079B3D6 /* PBXTargetDependency */ = {
			isa = PBXTargetDependency;
			target = 59E40D84289A056C0079B3D6 /* Littman App */;
			targetProxy = 59E40DA9289A056D0079B3D6 /* PBXContainerItemProxy */;
		};
/* End PBXTargetDependency section */

/* Begin PBXVariantGroup section */
		59E40D8E289A056C0079B3D6 /* Main.storyboard */ = {
			isa = PBXVariantGroup;
			children = (
				59E40D8F289A056C0079B3D6 /* Base */,
			);
			name = Main.storyboard;
			sourceTree = "<group>";
		};
		59E40D96289A056D0079B3D6 /* LaunchScreen.storyboard */ = {
			isa = PBXVariantGroup;
			children = (
				59E40D97289A056D0079B3D6 /* Base */,
			);
			name = LaunchScreen.storyboard;
			sourceTree = "<group>";
		};
/* End PBXVariantGroup section */

/* Begin XCBuildConfiguration section */
		59E40DB0289A056D0079B3D6 /* Debug */ = {
			isa = XCBuildConfiguration;
			buildSettings = {
				ALWAYS_SEARCH_USER_PATHS = NO;
				CLANG_ANALYZER_NONNULL = YES;
				CLANG_ANALYZER_NUMBER_OBJECT_CONVERSION = YES_AGGRESSIVE;
				CLANG_CXX_LANGUAGE_STANDARD = "gnu++17";
				CLANG_ENABLE_MODULES = YES;
				CLANG_ENABLE_OBJC_ARC = YES;
				CLANG_ENABLE_OBJC_WEAK = YES;
				CLANG_WARN_BLOCK_CAPTURE_AUTORELEASING = YES;
				CLANG_WARN_BOOL_CONVERSION = YES;
				CLANG_WARN_COMMA = YES;
				CLANG_WARN_CONSTANT_CONVERSION = YES;
				CLANG_WARN_DEPRECATED_OBJC_IMPLEMENTATIONS = YES;
				CLANG_WARN_DIRECT_OBJC_ISA_USAGE = YES_ERROR;
				CLANG_WARN_DOCUMENTATION_COMMENTS = YES;
				CLANG_WARN_EMPTY_BODY = YES;
				CLANG_WARN_ENUM_CONVERSION = YES;
				CLANG_WARN_INFINITE_RECURSION = YES;
				CLANG_WARN_INT_CONVERSION = YES;
				CLANG_WARN_NON_LITERAL_NULL_CONVERSION = YES;
				CLANG_WARN_OBJC_IMPLICIT_RETAIN_SELF = YES;
				CLANG_WARN_OBJC_LITERAL_CONVERSION = YES;
				CLANG_WARN_OBJC_ROOT_CLASS = YES_ERROR;
				CLANG_WARN_QUOTED_INCLUDE_IN_FRAMEWORK_HEADER = YES;
				CLANG_WARN_RANGE_LOOP_ANALYSIS = YES;
				CLANG_WARN_STRICT_PROTOTYPES = YES;
				CLANG_WARN_SUSPICIOUS_MOVE = YES;
				CLANG_WARN_UNGUARDED_AVAILABILITY = YES_AGGRESSIVE;
				CLANG_WARN_UNREACHABLE_CODE = YES;
				CLANG_WARN__DUPLICATE_METHOD_MATCH = YES;
				COPY_PHASE_STRIP = NO;
				DEBUG_INFORMATION_FORMAT = dwarf;
				ENABLE_STRICT_OBJC_MSGSEND = YES;
				ENABLE_TESTABILITY = YES;
				GCC_C_LANGUAGE_STANDARD = gnu11;
				GCC_DYNAMIC_NO_PIC = NO;
				GCC_NO_COMMON_BLOCKS = YES;
				GCC_OPTIMIZATION_LEVEL = 0;
				GCC_PREPROCESSOR_DEFINITIONS = (
					"DEBUG=1",
					"$(inherited)",
				);
				GCC_WARN_64_TO_32_BIT_CONVERSION = YES;
				GCC_WARN_ABOUT_RETURN_TYPE = YES_ERROR;
				GCC_WARN_UNDECLARED_SELECTOR = YES;
				GCC_WARN_UNINITIALIZED_AUTOS = YES_AGGRESSIVE;
				GCC_WARN_UNUSED_FUNCTION = YES;
				GCC_WARN_UNUSED_VARIABLE = YES;
				IPHONEOS_DEPLOYMENT_TARGET = 15.4;
				MTL_ENABLE_DEBUG_INFO = INCLUDE_SOURCE;
				MTL_FAST_MATH = YES;
				ONLY_ACTIVE_ARCH = YES;
				SDKROOT = iphoneos;
				SWIFT_ACTIVE_COMPILATION_CONDITIONS = DEBUG;
				SWIFT_OPTIMIZATION_LEVEL = "-Onone";
			};
			name = Debug;
		};
		59E40DB1289A056D0079B3D6 /* Release */ = {
			isa = XCBuildConfiguration;
			buildSettings = {
				ALWAYS_SEARCH_USER_PATHS = NO;
				CLANG_ANALYZER_NONNULL = YES;
				CLANG_ANALYZER_NUMBER_OBJECT_CONVERSION = YES_AGGRESSIVE;
				CLANG_CXX_LANGUAGE_STANDARD = "gnu++17";
				CLANG_ENABLE_MODULES = YES;
				CLANG_ENABLE_OBJC_ARC = YES;
				CLANG_ENABLE_OBJC_WEAK = YES;
				CLANG_WARN_BLOCK_CAPTURE_AUTORELEASING = YES;
				CLANG_WARN_BOOL_CONVERSION = YES;
				CLANG_WARN_COMMA = YES;
				CLANG_WARN_CONSTANT_CONVERSION = YES;
				CLANG_WARN_DEPRECATED_OBJC_IMPLEMENTATIONS = YES;
				CLANG_WARN_DIRECT_OBJC_ISA_USAGE = YES_ERROR;
				CLANG_WARN_DOCUMENTATION_COMMENTS = YES;
				CLANG_WARN_EMPTY_BODY = YES;
				CLANG_WARN_ENUM_CONVERSION = YES;
				CLANG_WARN_INFINITE_RECURSION = YES;
				CLANG_WARN_INT_CONVERSION = YES;
				CLANG_WARN_NON_LITERAL_NULL_CONVERSION = YES;
				CLANG_WARN_OBJC_IMPLICIT_RETAIN_SELF = YES;
				CLANG_WARN_OBJC_LITERAL_CONVERSION = YES;
				CLANG_WARN_OBJC_ROOT_CLASS = YES_ERROR;
				CLANG_WARN_QUOTED_INCLUDE_IN_FRAMEWORK_HEADER = YES;
				CLANG_WARN_RANGE_LOOP_ANALYSIS = YES;
				CLANG_WARN_STRICT_PROTOTYPES = YES;
				CLANG_WARN_SUSPICIOUS_MOVE = YES;
				CLANG_WARN_UNGUARDED_AVAILABILITY = YES_AGGRESSIVE;
				CLANG_WARN_UNREACHABLE_CODE = YES;
				CLANG_WARN__DUPLICATE_METHOD_MATCH = YES;
				COPY_PHASE_STRIP = NO;
				DEBUG_INFORMATION_FORMAT = "dwarf-with-dsym";
				ENABLE_NS_ASSERTIONS = NO;
				ENABLE_STRICT_OBJC_MSGSEND = YES;
				GCC_C_LANGUAGE_STANDARD = gnu11;
				GCC_NO_COMMON_BLOCKS = YES;
				GCC_WARN_64_TO_32_BIT_CONVERSION = YES;
				GCC_WARN_ABOUT_RETURN_TYPE = YES_ERROR;
				GCC_WARN_UNDECLARED_SELECTOR = YES;
				GCC_WARN_UNINITIALIZED_AUTOS = YES_AGGRESSIVE;
				GCC_WARN_UNUSED_FUNCTION = YES;
				GCC_WARN_UNUSED_VARIABLE = YES;
				IPHONEOS_DEPLOYMENT_TARGET = 15.4;
				MTL_ENABLE_DEBUG_INFO = NO;
				MTL_FAST_MATH = YES;
				SDKROOT = iphoneos;
				SWIFT_COMPILATION_MODE = wholemodule;
				SWIFT_OPTIMIZATION_LEVEL = "-O";
				VALIDATE_PRODUCT = YES;
			};
			name = Release;
		};
		59E40DB3289A056D0079B3D6 /* Debug */ = {
			isa = XCBuildConfiguration;
			buildSettings = {
				ASSETCATALOG_COMPILER_APPICON_NAME = AppIcon;
				ASSETCATALOG_COMPILER_GLOBAL_ACCENT_COLOR_NAME = AccentColor;
				CODE_SIGN_STYLE = Automatic;
				CURRENT_PROJECT_VERSION = 1;
				GENERATE_INFOPLIST_FILE = YES;
				INFOPLIST_FILE = "Littman App/Info.plist";
				INFOPLIST_KEY_UIApplicationSupportsIndirectInputEvents = YES;
				INFOPLIST_KEY_UILaunchStoryboardName = LaunchScreen;
				INFOPLIST_KEY_UIMainStoryboardFile = Main;
				INFOPLIST_KEY_UISupportedInterfaceOrientations_iPad = "UIInterfaceOrientationPortrait UIInterfaceOrientationPortraitUpsideDown UIInterfaceOrientationLandscapeLeft UIInterfaceOrientationLandscapeRight";
				INFOPLIST_KEY_UISupportedInterfaceOrientations_iPhone = "UIInterfaceOrientationPortrait UIInterfaceOrientationLandscapeLeft UIInterfaceOrientationLandscapeRight";
				LD_RUNPATH_SEARCH_PATHS = (
					"$(inherited)",
					"@executable_path/Frameworks",
				);
				MARKETING_VERSION = 1.0;
				PRODUCT_BUNDLE_IDENTIFIER = "com.njit.Littman-App";
				PRODUCT_NAME = "$(TARGET_NAME)";
				SWIFT_EMIT_LOC_STRINGS = YES;
				SWIFT_VERSION = 5.0;
				TARGETED_DEVICE_FAMILY = "1,2";
			};
			name = Debug;
		};
		59E40DB4289A056D0079B3D6 /* Release */ = {
			isa = XCBuildConfiguration;
			buildSettings = {
				ASSETCATALOG_COMPILER_APPICON_NAME = AppIcon;
				ASSETCATALOG_COMPILER_GLOBAL_ACCENT_COLOR_NAME = AccentColor;
				CODE_SIGN_STYLE = Automatic;
				CURRENT_PROJECT_VERSION = 1;
				GENERATE_INFOPLIST_FILE = YES;
				INFOPLIST_FILE = "Littman App/Info.plist";
				INFOPLIST_KEY_UIApplicationSupportsIndirectInputEvents = YES;
				INFOPLIST_KEY_UILaunchStoryboardName = LaunchScreen;
				INFOPLIST_KEY_UIMainStoryboardFile = Main;
				INFOPLIST_KEY_UISupportedInterfaceOrientations_iPad = "UIInterfaceOrientationPortrait UIInterfaceOrientationPortraitUpsideDown UIInterfaceOrientationLandscapeLeft UIInterfaceOrientationLandscapeRight";
				INFOPLIST_KEY_UISupportedInterfaceOrientations_iPhone = "UIInterfaceOrientationPortrait UIInterfaceOrientationLandscapeLeft UIInterfaceOrientationLandscapeRight";
				LD_RUNPATH_SEARCH_PATHS = (
					"$(inherited)",
					"@executable_path/Frameworks",
				);
				MARKETING_VERSION = 1.0;
				PRODUCT_BUNDLE_IDENTIFIER = "com.njit.Littman-App";
				PRODUCT_NAME = "$(TARGET_NAME)";
				SWIFT_EMIT_LOC_STRINGS = YES;
				SWIFT_VERSION = 5.0;
				TARGETED_DEVICE_FAMILY = "1,2";
			};
			name = Release;
		};
		59E40DB6289A056D0079B3D6 /* Debug */ = {
			isa = XCBuildConfiguration;
			buildSettings = {
				ALWAYS_EMBED_SWIFT_STANDARD_LIBRARIES = YES;
				BUNDLE_LOADER = "$(TEST_HOST)";
				CODE_SIGN_STYLE = Automatic;
				CURRENT_PROJECT_VERSION = 1;
				GENERATE_INFOPLIST_FILE = YES;
				IPHONEOS_DEPLOYMENT_TARGET = 15.4;
				MARKETING_VERSION = 1.0;
				PRODUCT_BUNDLE_IDENTIFIER = "com.njit.Littman-AppTests";
				PRODUCT_NAME = "$(TARGET_NAME)";
				SWIFT_EMIT_LOC_STRINGS = NO;
				SWIFT_VERSION = 5.0;
				TARGETED_DEVICE_FAMILY = "1,2";
				TEST_HOST = "$(BUILT_PRODUCTS_DIR)/Littman App.app/Littman App";
			};
			name = Debug;
		};
		59E40DB7289A056D0079B3D6 /* Release */ = {
			isa = XCBuildConfiguration;
			buildSettings = {
				ALWAYS_EMBED_SWIFT_STANDARD_LIBRARIES = YES;
				BUNDLE_LOADER = "$(TEST_HOST)";
				CODE_SIGN_STYLE = Automatic;
				CURRENT_PROJECT_VERSION = 1;
				GENERATE_INFOPLIST_FILE = YES;
				IPHONEOS_DEPLOYMENT_TARGET = 15.4;
				MARKETING_VERSION = 1.0;
				PRODUCT_BUNDLE_IDENTIFIER = "com.njit.Littman-AppTests";
				PRODUCT_NAME = "$(TARGET_NAME)";
				SWIFT_EMIT_LOC_STRINGS = NO;
				SWIFT_VERSION = 5.0;
				TARGETED_DEVICE_FAMILY = "1,2";
				TEST_HOST = "$(BUILT_PRODUCTS_DIR)/Littman App.app/Littman App";
			};
			name = Release;
		};
		59E40DB9289A056D0079B3D6 /* Debug */ = {
			isa = XCBuildConfiguration;
			buildSettings = {
				ALWAYS_EMBED_SWIFT_STANDARD_LIBRARIES = YES;
				CODE_SIGN_STYLE = Automatic;
				CURRENT_PROJECT_VERSION = 1;
				GENERATE_INFOPLIST_FILE = YES;
				MARKETING_VERSION = 1.0;
				PRODUCT_BUNDLE_IDENTIFIER = "com.njit.Littman-AppUITests";
				PRODUCT_NAME = "$(TARGET_NAME)";
				SWIFT_EMIT_LOC_STRINGS = NO;
				SWIFT_VERSION = 5.0;
				TARGETED_DEVICE_FAMILY = "1,2";
				TEST_TARGET_NAME = "Littman App";
			};
			name = Debug;
		};
		59E40DBA289A056D0079B3D6 /* Release */ = {
			isa = XCBuildConfiguration;
			buildSettings = {
				ALWAYS_EMBED_SWIFT_STANDARD_LIBRARIES = YES;
				CODE_SIGN_STYLE = Automatic;
				CURRENT_PROJECT_VERSION = 1;
				GENERATE_INFOPLIST_FILE = YES;
				MARKETING_VERSION = 1.0;
				PRODUCT_BUNDLE_IDENTIFIER = "com.njit.Littman-AppUITests";
				PRODUCT_NAME = "$(TARGET_NAME)";
				SWIFT_EMIT_LOC_STRINGS = NO;
				SWIFT_VERSION = 5.0;
				TARGETED_DEVICE_FAMILY = "1,2";
				TEST_TARGET_NAME = "Littman App";
			};
			name = Release;
		};
/* End XCBuildConfiguration section */

/* Begin XCConfigurationList section */
		59E40D80289A056C0079B3D6 /* Build configuration list for PBXProject "Littman App" */ = {
			isa = XCConfigurationList;
			buildConfigurations = (
				59E40DB0289A056D0079B3D6 /* Debug */,
				59E40DB1289A056D0079B3D6 /* Release */,
			);
			defaultConfigurationIsVisible = 0;
			defaultConfigurationName = Release;
		};
		59E40DB2289A056D0079B3D6 /* Build configuration list for PBXNativeTarget "Littman App" */ = {
			isa = XCConfigurationList;
			buildConfigurations = (
				59E40DB3289A056D0079B3D6 /* Debug */,
				59E40DB4289A056D0079B3D6 /* Release */,
			);
			defaultConfigurationIsVisible = 0;
			defaultConfigurationName = Release;
		};
		59E40DB5289A056D0079B3D6 /* Build configuration list for PBXNativeTarget "Littman AppTests" */ = {
			isa = XCConfigurationList;
			buildConfigurations = (
				59E40DB6289A056D0079B3D6 /* Debug */,
				59E40DB7289A056D0079B3D6 /* Release */,
			);
			defaultConfigurationIsVisible = 0;
			defaultConfigurationName = Release;
		};
		59E40DB8289A056D0079B3D6 /* Build configuration list for PBXNativeTarget "Littman AppUITests" */ = {
			isa = XCConfigurationList;
			buildConfigurations = (
				59E40DB9289A056D0079B3D6 /* Debug */,
				59E40DBA289A056D0079B3D6 /* Release */,
			);
			defaultConfigurationIsVisible = 0;
			defaultConfigurationName = Release;
		};
/* End XCConfigurationList section */

/* Begin XCVersionGroup section */
		59E40D91289A056C0079B3D6 /* Littman_App.xcdatamodeld */ = {
			isa = XCVersionGroup;
			children = (
				59E40D92289A056C0079B3D6 /* Littman_App.xcdatamodel */,
			);
			currentVersion = 59E40D92289A056C0079B3D6 /* Littman_App.xcdatamodel */;
			path = Littman_App.xcdatamodeld;
			sourceTree = "<group>";
			versionGroupType = wrapper.xcdatamodel;
		};
/* End XCVersionGroup section */
	};
	rootObject = 59E40D7D289A056C0079B3D6 /* Project object */;
}
